
Microsoft Visual Studio Solution File, Format Version 12.00
# Visual Studio 15
VisualStudioVersion = 15.0.28307.572
MinimumVisualStudioVersion = 10.0.40219.1
Project("{888888A0-9F3D-457C-B088-3A5042F75D52}") = "GPIO.Python", "GPIO.Python\GPIO.Python.pyproj", "{8F41B3FC-C676-4BF7-B1C2-2FBB9F094C49}"
EndProject
Global
	GlobalSection(SolutionConfigurationPlatforms) = preSolution
		Debug|Any CPU = Debug|Any CPU
		Release|Any CPU = Release|Any CPU
	EndGlobalSection
	GlobalSection(ProjectConfigurationPlatforms) = postSolution
		{8F41B3FC-C676-4BF7-B1C2-2FBB9F094C49}.Debug|Any CPU.ActiveCfg = Debug|Any CPU
		{8F41B3FC-C676-4BF7-B1C2-2FBB9F094C49}.Release|Any CPU.ActiveCfg = Release|Any CPU
	EndGlobalSection
	GlobalSection(SolutionProperties) = preSolution
		HideSolutionNode = FALSE
	EndGlobalSection
	GlobalSection(ExtensibilityGlobals) = postSolution
		SolutionGuid = {C01C7FEE-0836-480B-9DC2-A3FB245A821E}
	EndGlobalSection
EndGlobal
